
Microsoft Visual Studio Solution File, Format Version 12.00
# Visual Studio Version 16
VisualStudioVersion = 16.0.29911.84
MinimumVisualStudioVersion = 10.0.40219.1
Project("{2150E333-8FDC-42A3-9474-1A3956D46DE8}") = "src", "src", "{CD532006-AA73-4F4C-88F2-195A53401DBC}"
EndProject
Project("{2150E333-8FDC-42A3-9474-1A3956D46DE8}") = "system", "system", "{09EC75FA-BCA9-472E-AD64-DA3998A502B1}"
EndProject
Project("{2150E333-8FDC-42A3-9474-1A3956D46DE8}") = "presentation", "presentation", "{37653946-9343-4FD0-B3EF-DFA495AE5CE6}"
EndProject
Project("{2150E333-8FDC-42A3-9474-1A3956D46DE8}") = "core", "core", "{6311850D-1798-44C4-B1C3-E2B08343FC29}"
EndProject
Project("{FAE04EC0-301F-11D3-BF4B-00C04F79EFBC}") = "TeamProject.Clients.WebApi", "src\api\TeamProject.Clients.WebApi.csproj", "{19E2FA6D-57CE-4233-BA6F-C035447AC32F}"
EndProject
Project("{FAE04EC0-301F-11D3-BF4B-00C04F79EFBC}") = "TeamProject.Infrastructure", "src\system\infrastructure\TeamProject.Infrastructure.csproj", "{C3415698-B5AD-4AD6-A51A-C7D59561D814}"
EndProject
Project("{FAE04EC0-301F-11D3-BF4B-00C04F79EFBC}") = "TeamProject.Persistence", "src\system\persistence\TeamProject.Persistence.csproj", "{E02761BC-1C56-4C54-85B6-AC6A9EE822CA}"
EndProject
Project("{FAE04EC0-301F-11D3-BF4B-00C04F79EFBC}") = "TeamProject.Application", "src\system\core\application\TeamProject.Application.csproj", "{C6F5D478-3A4B-4505-B229-49D34EA095A1}"
EndProject
Project("{FAE04EC0-301F-11D3-BF4B-00C04F79EFBC}") = "TeamProject.Domain", "src\system\core\domain\TeamProject.Domain.csproj", "{4E5A2480-E323-4CD3-B228-051EAB1E9D95}"
EndProject
Project("{FAE04EC0-301F-11D3-BF4B-00C04F79EFBC}") = "TeamProject.Clients.Common", "src\presentation\web-mvc-services\TeamProject.Clients.Common.csproj", "{950D2E5F-85F9-49D1-88BD-DFBE491B3725}"
EndProject
Project("{FAE04EC0-301F-11D3-BF4B-00C04F79EFBC}") = "TeamProject.Clients.WebUI", "src\presentation\web-mvc\TeamProject.Clients.WebUI.csproj", "{97DC24A8-1648-4586-A177-70FABD007127}"
EndProject
Global
	GlobalSection(SolutionConfigurationPlatforms) = preSolution
		Debug|Any CPU = Debug|Any CPU
		Release|Any CPU = Release|Any CPU
	EndGlobalSection
	GlobalSection(ProjectConfigurationPlatforms) = postSolution
		{19E2FA6D-57CE-4233-BA6F-C035447AC32F}.Debug|Any CPU.ActiveCfg = Debug|Any CPU
		{19E2FA6D-57CE-4233-BA6F-C035447AC32F}.Debug|Any CPU.Build.0 = Debug|Any CPU
		{19E2FA6D-57CE-4233-BA6F-C035447AC32F}.Release|Any CPU.ActiveCfg = Release|Any CPU
		{19E2FA6D-57CE-4233-BA6F-C035447AC32F}.Release|Any CPU.Build.0 = Release|Any CPU
		{C3415698-B5AD-4AD6-A51A-C7D59561D814}.Debug|Any CPU.ActiveCfg = Debug|Any CPU
		{C3415698-B5AD-4AD6-A51A-C7D59561D814}.Debug|Any CPU.Build.0 = Debug|Any CPU
		{C3415698-B5AD-4AD6-A51A-C7D59561D814}.Release|Any CPU.ActiveCfg = Release|Any CPU
		{C3415698-B5AD-4AD6-A51A-C7D59561D814}.Release|Any CPU.Build.0 = Release|Any CPU
		{E02761BC-1C56-4C54-85B6-AC6A9EE822CA}.Debug|Any CPU.ActiveCfg = Debug|Any CPU
		{E02761BC-1C56-4C54-85B6-AC6A9EE822CA}.Debug|Any CPU.Build.0 = Debug|Any CPU
		{E02761BC-1C56-4C54-85B6-AC6A9EE822CA}.Release|Any CPU.ActiveCfg = Release|Any CPU
		{E02761BC-1C56-4C54-85B6-AC6A9EE822CA}.Release|Any CPU.Build.0 = Release|Any CPU
		{C6F5D478-3A4B-4505-B229-49D34EA095A1}.Debug|Any CPU.ActiveCfg = Debug|Any CPU
		{C6F5D478-3A4B-4505-B229-49D34EA095A1}.Debug|Any CPU.Build.0 = Debug|Any CPU
		{C6F5D478-3A4B-4505-B229-49D34EA095A1}.Release|Any CPU.ActiveCfg = Release|Any CPU
		{C6F5D478-3A4B-4505-B229-49D34EA095A1}.Release|Any CPU.Build.0 = Release|Any CPU
		{4E5A2480-E323-4CD3-B228-051EAB1E9D95}.Debug|Any CPU.ActiveCfg = Debug|Any CPU
		{4E5A2480-E323-4CD3-B228-051EAB1E9D95}.Debug|Any CPU.Build.0 = Debug|Any CPU
		{4E5A2480-E323-4CD3-B228-051EAB1E9D95}.Release|Any CPU.ActiveCfg = Release|Any CPU
		{4E5A2480-E323-4CD3-B228-051EAB1E9D95}.Release|Any CPU.Build.0 = Release|Any CPU
		{950D2E5F-85F9-49D1-88BD-DFBE491B3725}.Debug|Any CPU.ActiveCfg = Debug|Any CPU
		{950D2E5F-85F9-49D1-88BD-DFBE491B3725}.Debug|Any CPU.Build.0 = Debug|Any CPU
		{950D2E5F-85F9-49D1-88BD-DFBE491B3725}.Release|Any CPU.ActiveCfg = Release|Any CPU
		{950D2E5F-85F9-49D1-88BD-DFBE491B3725}.Release|Any CPU.Build.0 = Release|Any CPU
		{97DC24A8-1648-4586-A177-70FABD007127}.Debug|Any CPU.ActiveCfg = Debug|Any CPU
		{97DC24A8-1648-4586-A177-70FABD007127}.Debug|Any CPU.Build.0 = Debug|Any CPU
		{97DC24A8-1648-4586-A177-70FABD007127}.Release|Any CPU.ActiveCfg = Release|Any CPU
		{97DC24A8-1648-4586-A177-70FABD007127}.Release|Any CPU.Build.0 = Release|Any CPU
	EndGlobalSection
	GlobalSection(SolutionProperties) = preSolution
		HideSolutionNode = FALSE
	EndGlobalSection
	GlobalSection(NestedProjects) = preSolution
		{09EC75FA-BCA9-472E-AD64-DA3998A502B1} = {CD532006-AA73-4F4C-88F2-195A53401DBC}
		{37653946-9343-4FD0-B3EF-DFA495AE5CE6} = {CD532006-AA73-4F4C-88F2-195A53401DBC}
		{6311850D-1798-44C4-B1C3-E2B08343FC29} = {09EC75FA-BCA9-472E-AD64-DA3998A502B1}
		{19E2FA6D-57CE-4233-BA6F-C035447AC32F} = {CD532006-AA73-4F4C-88F2-195A53401DBC}
		{C3415698-B5AD-4AD6-A51A-C7D59561D814} = {09EC75FA-BCA9-472E-AD64-DA3998A502B1}
		{E02761BC-1C56-4C54-85B6-AC6A9EE822CA} = {09EC75FA-BCA9-472E-AD64-DA3998A502B1}
		{C6F5D478-3A4B-4505-B229-49D34EA095A1} = {6311850D-1798-44C4-B1C3-E2B08343FC29}
		{4E5A2480-E323-4CD3-B228-051EAB1E9D95} = {6311850D-1798-44C4-B1C3-E2B08343FC29}
		{950D2E5F-85F9-49D1-88BD-DFBE491B3725} = {37653946-9343-4FD0-B3EF-DFA495AE5CE6}
		{97DC24A8-1648-4586-A177-70FABD007127} = {37653946-9343-4FD0-B3EF-DFA495AE5CE6}
	EndGlobalSection
	GlobalSection(ExtensibilityGlobals) = postSolution
		SolutionGuid = {F1E1FFAD-74FE-4D1B-BA74-3373F90269DE}
	EndGlobalSection
EndGlobal
